
Microsoft Visual Studio Solution File, Format Version 12.00
# Visual Studio Version 16
VisualStudioVersion = 16.0.31515.178
MinimumVisualStudioVersion = 10.0.40219.1
Project("{8BC9CEB8-8B4A-11D0-8D11-00A0C91BC942}") = "CH06", "CH06\CH06.vcxproj", "{0D5C9029-16A4-4306-BBD6-B1C87033A76D}"
EndProject
Global
	GlobalSection(SolutionConfigurationPlatforms) = preSolution
		Debug|x64 = Debug|x64
		Debug|x86 = Debug|x86
		Release|x64 = Release|x64
		Release|x86 = Release|x86
	EndGlobalSection
	GlobalSection(ProjectConfigurationPlatforms) = postSolution
		{0D5C9029-16A4-4306-BBD6-B1C87033A76D}.Debug|x64.ActiveCfg = Debug|x64
		{0D5C9029-16A4-4306-BBD6-B1C87033A76D}.Debug|x64.Build.0 = Debug|x64
		{0D5C9029-16A4-4306-BBD6-B1C87033A76D}.Debug|x86.ActiveCfg = Debug|Win32
		{0D5C9029-16A4-4306-BBD6-B1C87033A76D}.Debug|x86.Build.0 = Debug|Win32
		{0D5C9029-16A4-4306-BBD6-B1C87033A76D}.Release|x64.ActiveCfg = Release|x64
		{0D5C9029-16A4-4306-BBD6-B1C87033A76D}.Release|x64.Build.0 = Release|x64
		{0D5C9029-16A4-4306-BBD6-B1C87033A76D}.Release|x86.ActiveCfg = Release|Win32
		{0D5C9029-16A4-4306-BBD6-B1C87033A76D}.Release|x86.Build.0 = Release|Win32
	EndGlobalSection
	GlobalSection(SolutionProperties) = preSolution
		HideSolutionNode = FALSE
	EndGlobalSection
	GlobalSection(ExtensibilityGlobals) = postSolution
		SolutionGuid = {457578B6-B1AD-446F-BC91-700DE7D6300F}
	EndGlobalSection
EndGlobal
